{
  "name": "build-chrome-extension",
  "version": "1.0.0",
  "lockfileVersion": 3,
  "requires": true,
  "packages": {
    "": {
      "name": "build-chrome-extension",
      "version": "1.0.0",
      "license": "MIT",
      "bin": {
        "build-chrome-extension": "index.js"
      }
    }
  }
}
